
Microsoft Visual Studio Solution File, Format Version 12.00
# Visual Studio Version 16
VisualStudioVersion = 16.0.30406.217
MinimumVisualStudioVersion = 10.0.40219.1
Project("{2150E333-8FDC-42A3-9474-1A3956D46DE8}") = "Solution Items", "Solution Items", "{041950BE-5D46-4AAE-932B-B438E7D00ED5}"
	ProjectSection(SolutionItems) = preProject
		.editorconfig = .editorconfig
		.gitignore = .gitignore
		README.md = README.md
	EndProjectSection
EndProject
Project("{FAE04EC0-301F-11D3-BF4B-00C04F79EFBC}") = "Catalog.API", "Catalog\API\Catalog.API\Catalog.API.csproj", "{252D1F6C-A98C-4C7B-BEF7-DF4DA3CBC18A}"
EndProject
Project("{2150E333-8FDC-42A3-9474-1A3956D46DE8}") = "Catalog", "Catalog", "{C945E717-352B-498F-A366-9BFF657BB441}"
EndProject
Project("{2150E333-8FDC-42A3-9474-1A3956D46DE8}") = "API", "API", "{A4664E2E-394C-4475-B822-5FFF8A594676}"
EndProject
Project("{2150E333-8FDC-42A3-9474-1A3956D46DE8}") = "tests", "tests", "{4D9C2D5B-1459-4B37-ABE2-9CB30B1189A2}"
EndProject
Project("{FAE04EC0-301F-11D3-BF4B-00C04F79EFBC}") = "Catalog.API.Tests", "Catalog\API\tests\Catalog.API.Tests\Catalog.API.Tests.csproj", "{87090CCF-9D2D-4CBF-926A-C0D0F9CF2033}"
EndProject
Project("{2150E333-8FDC-42A3-9474-1A3956D46DE8}") = "BusinessRules", "BusinessRules", "{FBAB5EE6-C945-4646-ABB7-BEAE718AEF38}"
EndProject
Project("{2150E333-8FDC-42A3-9474-1A3956D46DE8}") = "DataStore", "DataStore", "{8BCF0AAD-9301-467E-AC5B-5B766F2E50B5}"
EndProject
Project("{2150E333-8FDC-42A3-9474-1A3956D46DE8}") = "UseCases", "UseCases", "{17BE9EC2-C88C-4298-81DE-E575D76BB3CC}"
EndProject
Project("{FAE04EC0-301F-11D3-BF4B-00C04F79EFBC}") = "Catalog.BusinessRules", "Catalog\BusinessRules\Catalog.BusinessRules\Catalog.BusinessRules.csproj", "{A5F9CF47-B89F-49AF-AE76-CEE0F776F98B}"
EndProject
Project("{FAE04EC0-301F-11D3-BF4B-00C04F79EFBC}") = "Catalog.DataStore", "Catalog\DataStore\Catalog.DataStore\Catalog.DataStore.csproj", "{47C3353F-F484-48E0-AAAA-2521EDC0AA9C}"
EndProject
Project("{FAE04EC0-301F-11D3-BF4B-00C04F79EFBC}") = "Catalog.UseCases", "Catalog\UseCases\Catalog.UseCases\Catalog.UseCases.csproj", "{752F0C50-BC99-4D1C-956D-2B4000A367C7}"
EndProject
Project("{2150E333-8FDC-42A3-9474-1A3956D46DE8}") = "tests", "tests", "{BF94E9DD-C7B5-46CE-A9A6-78E76798E014}"
EndProject
Project("{FAE04EC0-301F-11D3-BF4B-00C04F79EFBC}") = "Catalog.UseCases.Tests", "Catalog\UseCases\tests\Catalog.UseCases.Tests\Catalog.UseCases.Tests.csproj", "{A6D7A87A-AF4D-4B3D-BAF7-42C3010C9F55}"
EndProject
Project("{2150E333-8FDC-42A3-9474-1A3956D46DE8}") = "TextUI", "TextUI", "{C1F5EC13-8A6A-48AA-8E4D-824974A166F7}"
EndProject
Project("{FAE04EC0-301F-11D3-BF4B-00C04F79EFBC}") = "Catalog.TextUI", "Catalog\TextUI\Catalog.TextUI\Catalog.TextUI.csproj", "{2272C365-F078-4D32-9389-5BFE6935DFFF}"
EndProject
Project("{2150E333-8FDC-42A3-9474-1A3956D46DE8}") = "tests", "tests", "{05A98D49-A640-43FF-86F5-FB716567BFFD}"
EndProject
Project("{FAE04EC0-301F-11D3-BF4B-00C04F79EFBC}") = "Catalog.BusinessRules.Tests", "Catalog\BusinessRules\tests\Catalog.BusinessRules.Tests\Catalog.BusinessRules.Tests.csproj", "{FCE9A40E-C738-4DC4-A783-CDEAEFEE4496}"
EndProject
Project("{2150E333-8FDC-42A3-9474-1A3956D46DE8}") = "tests", "tests", "{38F535A8-B6E1-46E5-AE6B-B28EEBB0A97C}"
EndProject
Project("{FAE04EC0-301F-11D3-BF4B-00C04F79EFBC}") = "Catalog.DataStore.Tests", "Catalog\DataStore\tests\Catalog.DataStore.Tests\Catalog.DataStore.Tests.csproj", "{96C16FA1-4291-4C04-9F14-98CC6E8E06E7}"
EndProject
Global
	GlobalSection(SolutionConfigurationPlatforms) = preSolution
		Debug|Any CPU = Debug|Any CPU
		Release|Any CPU = Release|Any CPU
	EndGlobalSection
	GlobalSection(ProjectConfigurationPlatforms) = postSolution
		{252D1F6C-A98C-4C7B-BEF7-DF4DA3CBC18A}.Debug|Any CPU.ActiveCfg = Debug|Any CPU
		{252D1F6C-A98C-4C7B-BEF7-DF4DA3CBC18A}.Debug|Any CPU.Build.0 = Debug|Any CPU
		{252D1F6C-A98C-4C7B-BEF7-DF4DA3CBC18A}.Release|Any CPU.ActiveCfg = Release|Any CPU
		{252D1F6C-A98C-4C7B-BEF7-DF4DA3CBC18A}.Release|Any CPU.Build.0 = Release|Any CPU
		{87090CCF-9D2D-4CBF-926A-C0D0F9CF2033}.Debug|Any CPU.ActiveCfg = Debug|Any CPU
		{87090CCF-9D2D-4CBF-926A-C0D0F9CF2033}.Debug|Any CPU.Build.0 = Debug|Any CPU
		{87090CCF-9D2D-4CBF-926A-C0D0F9CF2033}.Release|Any CPU.ActiveCfg = Release|Any CPU
		{87090CCF-9D2D-4CBF-926A-C0D0F9CF2033}.Release|Any CPU.Build.0 = Release|Any CPU
		{A5F9CF47-B89F-49AF-AE76-CEE0F776F98B}.Debug|Any CPU.ActiveCfg = Debug|Any CPU
		{A5F9CF47-B89F-49AF-AE76-CEE0F776F98B}.Debug|Any CPU.Build.0 = Debug|Any CPU
		{A5F9CF47-B89F-49AF-AE76-CEE0F776F98B}.Release|Any CPU.ActiveCfg = Release|Any CPU
		{A5F9CF47-B89F-49AF-AE76-CEE0F776F98B}.Release|Any CPU.Build.0 = Release|Any CPU
		{47C3353F-F484-48E0-AAAA-2521EDC0AA9C}.Debug|Any CPU.ActiveCfg = Debug|Any CPU
		{47C3353F-F484-48E0-AAAA-2521EDC0AA9C}.Debug|Any CPU.Build.0 = Debug|Any CPU
		{47C3353F-F484-48E0-AAAA-2521EDC0AA9C}.Release|Any CPU.ActiveCfg = Release|Any CPU
		{47C3353F-F484-48E0-AAAA-2521EDC0AA9C}.Release|Any CPU.Build.0 = Release|Any CPU
		{752F0C50-BC99-4D1C-956D-2B4000A367C7}.Debug|Any CPU.ActiveCfg = Debug|Any CPU
		{752F0C50-BC99-4D1C-956D-2B4000A367C7}.Debug|Any CPU.Build.0 = Debug|Any CPU
		{752F0C50-BC99-4D1C-956D-2B4000A367C7}.Release|Any CPU.ActiveCfg = Release|Any CPU
		{752F0C50-BC99-4D1C-956D-2B4000A367C7}.Release|Any CPU.Build.0 = Release|Any CPU
		{A6D7A87A-AF4D-4B3D-BAF7-42C3010C9F55}.Debug|Any CPU.ActiveCfg = Debug|Any CPU
		{A6D7A87A-AF4D-4B3D-BAF7-42C3010C9F55}.Debug|Any CPU.Build.0 = Debug|Any CPU
		{A6D7A87A-AF4D-4B3D-BAF7-42C3010C9F55}.Release|Any CPU.ActiveCfg = Release|Any CPU
		{A6D7A87A-AF4D-4B3D-BAF7-42C3010C9F55}.Release|Any CPU.Build.0 = Release|Any CPU
		{2272C365-F078-4D32-9389-5BFE6935DFFF}.Debug|Any CPU.ActiveCfg = Debug|Any CPU
		{2272C365-F078-4D32-9389-5BFE6935DFFF}.Debug|Any CPU.Build.0 = Debug|Any CPU
		{2272C365-F078-4D32-9389-5BFE6935DFFF}.Release|Any CPU.ActiveCfg = Release|Any CPU
		{2272C365-F078-4D32-9389-5BFE6935DFFF}.Release|Any CPU.Build.0 = Release|Any CPU
		{FCE9A40E-C738-4DC4-A783-CDEAEFEE4496}.Debug|Any CPU.ActiveCfg = Debug|Any CPU
		{FCE9A40E-C738-4DC4-A783-CDEAEFEE4496}.Debug|Any CPU.Build.0 = Debug|Any CPU
		{FCE9A40E-C738-4DC4-A783-CDEAEFEE4496}.Release|Any CPU.ActiveCfg = Release|Any CPU
		{FCE9A40E-C738-4DC4-A783-CDEAEFEE4496}.Release|Any CPU.Build.0 = Release|Any CPU
		{96C16FA1-4291-4C04-9F14-98CC6E8E06E7}.Debug|Any CPU.ActiveCfg = Debug|Any CPU
		{96C16FA1-4291-4C04-9F14-98CC6E8E06E7}.Debug|Any CPU.Build.0 = Debug|Any CPU
		{96C16FA1-4291-4C04-9F14-98CC6E8E06E7}.Release|Any CPU.ActiveCfg = Release|Any CPU
		{96C16FA1-4291-4C04-9F14-98CC6E8E06E7}.Release|Any CPU.Build.0 = Release|Any CPU
	EndGlobalSection
	GlobalSection(SolutionProperties) = preSolution
		HideSolutionNode = FALSE
	EndGlobalSection
	GlobalSection(NestedProjects) = preSolution
		{252D1F6C-A98C-4C7B-BEF7-DF4DA3CBC18A} = {A4664E2E-394C-4475-B822-5FFF8A594676}
		{C945E717-352B-498F-A366-9BFF657BB441} = {041950BE-5D46-4AAE-932B-B438E7D00ED5}
		{A4664E2E-394C-4475-B822-5FFF8A594676} = {C945E717-352B-498F-A366-9BFF657BB441}
		{4D9C2D5B-1459-4B37-ABE2-9CB30B1189A2} = {A4664E2E-394C-4475-B822-5FFF8A594676}
		{87090CCF-9D2D-4CBF-926A-C0D0F9CF2033} = {4D9C2D5B-1459-4B37-ABE2-9CB30B1189A2}
		{FBAB5EE6-C945-4646-ABB7-BEAE718AEF38} = {C945E717-352B-498F-A366-9BFF657BB441}
		{8BCF0AAD-9301-467E-AC5B-5B766F2E50B5} = {C945E717-352B-498F-A366-9BFF657BB441}
		{17BE9EC2-C88C-4298-81DE-E575D76BB3CC} = {C945E717-352B-498F-A366-9BFF657BB441}
		{A5F9CF47-B89F-49AF-AE76-CEE0F776F98B} = {FBAB5EE6-C945-4646-ABB7-BEAE718AEF38}
		{47C3353F-F484-48E0-AAAA-2521EDC0AA9C} = {8BCF0AAD-9301-467E-AC5B-5B766F2E50B5}
		{752F0C50-BC99-4D1C-956D-2B4000A367C7} = {17BE9EC2-C88C-4298-81DE-E575D76BB3CC}
		{BF94E9DD-C7B5-46CE-A9A6-78E76798E014} = {17BE9EC2-C88C-4298-81DE-E575D76BB3CC}
		{A6D7A87A-AF4D-4B3D-BAF7-42C3010C9F55} = {BF94E9DD-C7B5-46CE-A9A6-78E76798E014}
		{C1F5EC13-8A6A-48AA-8E4D-824974A166F7} = {C945E717-352B-498F-A366-9BFF657BB441}
		{2272C365-F078-4D32-9389-5BFE6935DFFF} = {C1F5EC13-8A6A-48AA-8E4D-824974A166F7}
		{05A98D49-A640-43FF-86F5-FB716567BFFD} = {FBAB5EE6-C945-4646-ABB7-BEAE718AEF38}
		{FCE9A40E-C738-4DC4-A783-CDEAEFEE4496} = {05A98D49-A640-43FF-86F5-FB716567BFFD}
		{38F535A8-B6E1-46E5-AE6B-B28EEBB0A97C} = {8BCF0AAD-9301-467E-AC5B-5B766F2E50B5}
		{96C16FA1-4291-4C04-9F14-98CC6E8E06E7} = {38F535A8-B6E1-46E5-AE6B-B28EEBB0A97C}
	EndGlobalSection
	GlobalSection(ExtensibilityGlobals) = postSolution
		SolutionGuid = {ADE6E8CA-FF29-4C2C-996E-53CA7029955C}
	EndGlobalSection
EndGlobal
