
Microsoft Visual Studio Solution File, Format Version 12.00
# Visual Studio Version 16
VisualStudioVersion = 16.0.30406.217
MinimumVisualStudioVersion = 10.0.40219.1
Project("{2150E333-8FDC-42A3-9474-1A3956D46DE8}") = "Solution Items", "Solution Items", "{041950BE-5D46-4AAE-932B-B438E7D00ED5}"
	ProjectSection(SolutionItems) = preProject
		.editorconfig = .editorconfig
		.gitignore = .gitignore
		README.md = README.md
	EndProjectSection
EndProject
Project("{2150E333-8FDC-42A3-9474-1A3956D46DE8}") = "PackageByLayer", "PackageByLayer", "{79BFDADF-068A-4EE0-870A-50B1DB9754D6}"
	ProjectSection(SolutionItems) = preProject
		PackageByLayer\CodeMap.dgml = PackageByLayer\CodeMap.dgml
		PackageByLayer\README.md = PackageByLayer\README.md
	EndProjectSection
EndProject
Project("{9A19103F-16F7-4668-BE54-9A1E7A4F7556}") = "WebApi", "PackageByLayer\WebApi\WebApi.csproj", "{940947E3-7A12-42BB-B3D4-852E67E33069}"
EndProject
Project("{9A19103F-16F7-4668-BE54-9A1E7A4F7556}") = "Business", "PackageByLayer\Business\Business.csproj", "{4DD48373-204E-4ADB-82E9-8F41781C39E8}"
EndProject
Project("{9A19103F-16F7-4668-BE54-9A1E7A4F7556}") = "Data", "PackageByLayer\Data\Data.csproj", "{D87C4515-76EF-4F61-A87E-ED903AB3FDDD}"
EndProject
Project("{9A19103F-16F7-4668-BE54-9A1E7A4F7556}") = "Application", "PackageByLayer\Application\Application.csproj", "{8EA9622C-7F5F-4E92-95D3-A7CB891E64C9}"
EndProject
Project("{2150E333-8FDC-42A3-9474-1A3956D46DE8}") = "PackageByFeature", "PackageByFeature", "{DED32D0D-F391-4582-BCEB-5631BDF46782}"
	ProjectSection(SolutionItems) = preProject
		PackageByFeature\CodeMap.dgml = PackageByFeature\CodeMap.dgml
		PackageByFeature\README.md = PackageByFeature\README.md
	EndProjectSection
EndProject
Project("{FAE04EC0-301F-11D3-BF4B-00C04F79EFBC}") = "WebApi2", "PackageByFeature\WebApi2\WebApi2.csproj", "{691CB80C-22EE-4267-9D1B-57942507DA91}"
EndProject
Project("{FAE04EC0-301F-11D3-BF4B-00C04F79EFBC}") = "Books2", "PackageByFeature\Books2\Books2.csproj", "{43D55850-292C-4BF1-A0B4-D212FD1850EC}"
EndProject
Project("{2150E333-8FDC-42A3-9474-1A3956D46DE8}") = "PortsAndAdapters", "PortsAndAdapters", "{FBC211AE-9156-4BCA-8A69-36688C284AE5}"
	ProjectSection(SolutionItems) = preProject
		PortsAndAdapters\WebApi3\CodeMap.dgml = PortsAndAdapters\WebApi3\CodeMap.dgml
		PortsAndAdapters\WebApi3\README.md = PortsAndAdapters\WebApi3\README.md
	EndProjectSection
EndProject
Project("{FAE04EC0-301F-11D3-BF4B-00C04F79EFBC}") = "WebApi3", "PortsAndAdapters\WebApi3\WebApi3.csproj", "{0CDDA40A-FA96-4974-9FD3-2D7A22D7F2B5}"
EndProject
Project("{FAE04EC0-301F-11D3-BF4B-00C04F79EFBC}") = "Application3", "PortsAndAdapters\Application3\Application3.csproj", "{7840910B-8B59-4E2D-A8B4-C6E0EDAF3F80}"
EndProject
Project("{FAE04EC0-301F-11D3-BF4B-00C04F79EFBC}") = "Business3", "PortsAndAdapters\Business3\Business3.csproj", "{5D48D5BA-84F4-40B1-9AC5-B950C5D58393}"
EndProject
Project("{FAE04EC0-301F-11D3-BF4B-00C04F79EFBC}") = "Data3", "PortsAndAdapters\Data3\Data3.csproj", "{20637541-8AE3-431B-81EA-2772B29627CA}"
EndProject
Global
	GlobalSection(SolutionConfigurationPlatforms) = preSolution
		Debug|Any CPU = Debug|Any CPU
		Release|Any CPU = Release|Any CPU
	EndGlobalSection
	GlobalSection(ProjectConfigurationPlatforms) = postSolution
		{940947E3-7A12-42BB-B3D4-852E67E33069}.Debug|Any CPU.ActiveCfg = Debug|Any CPU
		{940947E3-7A12-42BB-B3D4-852E67E33069}.Debug|Any CPU.Build.0 = Debug|Any CPU
		{940947E3-7A12-42BB-B3D4-852E67E33069}.Release|Any CPU.ActiveCfg = Release|Any CPU
		{940947E3-7A12-42BB-B3D4-852E67E33069}.Release|Any CPU.Build.0 = Release|Any CPU
		{4DD48373-204E-4ADB-82E9-8F41781C39E8}.Debug|Any CPU.ActiveCfg = Debug|Any CPU
		{4DD48373-204E-4ADB-82E9-8F41781C39E8}.Debug|Any CPU.Build.0 = Debug|Any CPU
		{4DD48373-204E-4ADB-82E9-8F41781C39E8}.Release|Any CPU.ActiveCfg = Release|Any CPU
		{4DD48373-204E-4ADB-82E9-8F41781C39E8}.Release|Any CPU.Build.0 = Release|Any CPU
		{D87C4515-76EF-4F61-A87E-ED903AB3FDDD}.Debug|Any CPU.ActiveCfg = Debug|Any CPU
		{D87C4515-76EF-4F61-A87E-ED903AB3FDDD}.Debug|Any CPU.Build.0 = Debug|Any CPU
		{D87C4515-76EF-4F61-A87E-ED903AB3FDDD}.Release|Any CPU.ActiveCfg = Release|Any CPU
		{D87C4515-76EF-4F61-A87E-ED903AB3FDDD}.Release|Any CPU.Build.0 = Release|Any CPU
		{8EA9622C-7F5F-4E92-95D3-A7CB891E64C9}.Debug|Any CPU.ActiveCfg = Debug|Any CPU
		{8EA9622C-7F5F-4E92-95D3-A7CB891E64C9}.Debug|Any CPU.Build.0 = Debug|Any CPU
		{8EA9622C-7F5F-4E92-95D3-A7CB891E64C9}.Release|Any CPU.ActiveCfg = Release|Any CPU
		{8EA9622C-7F5F-4E92-95D3-A7CB891E64C9}.Release|Any CPU.Build.0 = Release|Any CPU
		{691CB80C-22EE-4267-9D1B-57942507DA91}.Debug|Any CPU.ActiveCfg = Debug|Any CPU
		{691CB80C-22EE-4267-9D1B-57942507DA91}.Debug|Any CPU.Build.0 = Debug|Any CPU
		{691CB80C-22EE-4267-9D1B-57942507DA91}.Release|Any CPU.ActiveCfg = Release|Any CPU
		{691CB80C-22EE-4267-9D1B-57942507DA91}.Release|Any CPU.Build.0 = Release|Any CPU
		{43D55850-292C-4BF1-A0B4-D212FD1850EC}.Debug|Any CPU.ActiveCfg = Debug|Any CPU
		{43D55850-292C-4BF1-A0B4-D212FD1850EC}.Debug|Any CPU.Build.0 = Debug|Any CPU
		{43D55850-292C-4BF1-A0B4-D212FD1850EC}.Release|Any CPU.ActiveCfg = Release|Any CPU
		{43D55850-292C-4BF1-A0B4-D212FD1850EC}.Release|Any CPU.Build.0 = Release|Any CPU
		{0CDDA40A-FA96-4974-9FD3-2D7A22D7F2B5}.Debug|Any CPU.ActiveCfg = Debug|Any CPU
		{0CDDA40A-FA96-4974-9FD3-2D7A22D7F2B5}.Debug|Any CPU.Build.0 = Debug|Any CPU
		{0CDDA40A-FA96-4974-9FD3-2D7A22D7F2B5}.Release|Any CPU.ActiveCfg = Release|Any CPU
		{0CDDA40A-FA96-4974-9FD3-2D7A22D7F2B5}.Release|Any CPU.Build.0 = Release|Any CPU
		{7840910B-8B59-4E2D-A8B4-C6E0EDAF3F80}.Debug|Any CPU.ActiveCfg = Debug|Any CPU
		{7840910B-8B59-4E2D-A8B4-C6E0EDAF3F80}.Debug|Any CPU.Build.0 = Debug|Any CPU
		{7840910B-8B59-4E2D-A8B4-C6E0EDAF3F80}.Release|Any CPU.ActiveCfg = Release|Any CPU
		{7840910B-8B59-4E2D-A8B4-C6E0EDAF3F80}.Release|Any CPU.Build.0 = Release|Any CPU
		{5D48D5BA-84F4-40B1-9AC5-B950C5D58393}.Debug|Any CPU.ActiveCfg = Debug|Any CPU
		{5D48D5BA-84F4-40B1-9AC5-B950C5D58393}.Debug|Any CPU.Build.0 = Debug|Any CPU
		{5D48D5BA-84F4-40B1-9AC5-B950C5D58393}.Release|Any CPU.ActiveCfg = Release|Any CPU
		{5D48D5BA-84F4-40B1-9AC5-B950C5D58393}.Release|Any CPU.Build.0 = Release|Any CPU
		{20637541-8AE3-431B-81EA-2772B29627CA}.Debug|Any CPU.ActiveCfg = Debug|Any CPU
		{20637541-8AE3-431B-81EA-2772B29627CA}.Debug|Any CPU.Build.0 = Debug|Any CPU
		{20637541-8AE3-431B-81EA-2772B29627CA}.Release|Any CPU.ActiveCfg = Release|Any CPU
		{20637541-8AE3-431B-81EA-2772B29627CA}.Release|Any CPU.Build.0 = Release|Any CPU
	EndGlobalSection
	GlobalSection(SolutionProperties) = preSolution
		HideSolutionNode = FALSE
	EndGlobalSection
	GlobalSection(NestedProjects) = preSolution
		{79BFDADF-068A-4EE0-870A-50B1DB9754D6} = {041950BE-5D46-4AAE-932B-B438E7D00ED5}
		{940947E3-7A12-42BB-B3D4-852E67E33069} = {79BFDADF-068A-4EE0-870A-50B1DB9754D6}
		{4DD48373-204E-4ADB-82E9-8F41781C39E8} = {79BFDADF-068A-4EE0-870A-50B1DB9754D6}
		{D87C4515-76EF-4F61-A87E-ED903AB3FDDD} = {79BFDADF-068A-4EE0-870A-50B1DB9754D6}
		{8EA9622C-7F5F-4E92-95D3-A7CB891E64C9} = {79BFDADF-068A-4EE0-870A-50B1DB9754D6}
		{DED32D0D-F391-4582-BCEB-5631BDF46782} = {041950BE-5D46-4AAE-932B-B438E7D00ED5}
		{691CB80C-22EE-4267-9D1B-57942507DA91} = {DED32D0D-F391-4582-BCEB-5631BDF46782}
		{43D55850-292C-4BF1-A0B4-D212FD1850EC} = {DED32D0D-F391-4582-BCEB-5631BDF46782}
		{FBC211AE-9156-4BCA-8A69-36688C284AE5} = {041950BE-5D46-4AAE-932B-B438E7D00ED5}
		{0CDDA40A-FA96-4974-9FD3-2D7A22D7F2B5} = {FBC211AE-9156-4BCA-8A69-36688C284AE5}
		{7840910B-8B59-4E2D-A8B4-C6E0EDAF3F80} = {FBC211AE-9156-4BCA-8A69-36688C284AE5}
		{5D48D5BA-84F4-40B1-9AC5-B950C5D58393} = {FBC211AE-9156-4BCA-8A69-36688C284AE5}
		{20637541-8AE3-431B-81EA-2772B29627CA} = {FBC211AE-9156-4BCA-8A69-36688C284AE5}
	EndGlobalSection
	GlobalSection(ExtensibilityGlobals) = postSolution
		SolutionGuid = {ADE6E8CA-FF29-4C2C-996E-53CA7029955C}
	EndGlobalSection
EndGlobal
